
Microsoft Visual Studio Solution File, Format Version 12.00
# Visual Studio Version 17
VisualStudioVersion = 17.1.32228.430
MinimumVisualStudioVersion = 10.0.40219.1
Project("{FAE04EC0-301F-11D3-BF4B-00C04F79EFBC}") = "MethodsWithLoopsAndConditionals", "MethodsWithLoopsAndConditionals\MethodsWithLoopsAndConditionals.csproj", "{A33EFF42-B805-4137-A063-D2C8201F0226}"
EndProject
Global
	GlobalSection(SolutionConfigurationPlatforms) = preSolution
		Debug|Any CPU = Debug|Any CPU
		Release|Any CPU = Release|Any CPU
	EndGlobalSection
	GlobalSection(ProjectConfigurationPlatforms) = postSolution
		{A33EFF42-B805-4137-A063-D2C8201F0226}.Debug|Any CPU.ActiveCfg = Debug|Any CPU
		{A33EFF42-B805-4137-A063-D2C8201F0226}.Debug|Any CPU.Build.0 = Debug|Any CPU
		{A33EFF42-B805-4137-A063-D2C8201F0226}.Release|Any CPU.ActiveCfg = Release|Any CPU
		{A33EFF42-B805-4137-A063-D2C8201F0226}.Release|Any CPU.Build.0 = Release|Any CPU
	EndGlobalSection
	GlobalSection(SolutionProperties) = preSolution
		HideSolutionNode = FALSE
	EndGlobalSection
	GlobalSection(ExtensibilityGlobals) = postSolution
		SolutionGuid = {DEAD44B6-95CC-4485-9827-C1D5C6300065}
	EndGlobalSection
EndGlobal
